
Microsoft Visual Studio Solution File, Format Version 12.00
# Visual Studio Version 16
VisualStudioVersion = 16.0.31005.135
MinimumVisualStudioVersion = 10.0.40219.1
Project("{FAE04EC0-301F-11D3-BF4B-00C04F79EFBC}") = "TestLab6", "TestLab6.csproj", "{B73A231B-5E41-413B-9027-94520CABE1F1}"
EndProject
Global
	GlobalSection(SolutionConfigurationPlatforms) = preSolution
		Debug|Any CPU = Debug|Any CPU
		Release|Any CPU = Release|Any CPU
	EndGlobalSection
	GlobalSection(ProjectConfigurationPlatforms) = postSolution
		{B73A231B-5E41-413B-9027-94520CABE1F1}.Debug|Any CPU.ActiveCfg = Debug|Any CPU
		{B73A231B-5E41-413B-9027-94520CABE1F1}.Debug|Any CPU.Build.0 = Debug|Any CPU
		{B73A231B-5E41-413B-9027-94520CABE1F1}.Release|Any CPU.ActiveCfg = Release|Any CPU
		{B73A231B-5E41-413B-9027-94520CABE1F1}.Release|Any CPU.Build.0 = Release|Any CPU
	EndGlobalSection
	GlobalSection(SolutionProperties) = preSolution
		HideSolutionNode = FALSE
	EndGlobalSection
	GlobalSection(ExtensibilityGlobals) = postSolution
		SolutionGuid = {3EACD92F-AABD-4F41-8D5A-917A441F42B4}
	EndGlobalSection
EndGlobal
